
Microsoft Visual Studio Solution File, Format Version 12.00
# Visual Studio 2012
Project("{FAE04EC0-301F-11D3-BF4B-00C04F79EFBC}") = "Google.Protobuf.Unity", "Google.Protobuf.Unity.csproj", "{6E0595A2-E075-44C3-A10A-9FA781C45CF5}"
EndProject
Global
	GlobalSection(SolutionConfigurationPlatforms) = preSolution
		Debug|Any CPU = Debug|Any CPU
		Release|Any CPU = Release|Any CPU
	EndGlobalSection
	GlobalSection(ProjectConfigurationPlatforms) = postSolution
		{6E0595A2-E075-44C3-A10A-9FA781C45CF5}.Debug|Any CPU.ActiveCfg = Debug|Any CPU
		{6E0595A2-E075-44C3-A10A-9FA781C45CF5}.Debug|Any CPU.Build.0 = Debug|Any CPU
		{6E0595A2-E075-44C3-A10A-9FA781C45CF5}.Release|Any CPU.ActiveCfg = Release|Any CPU
		{6E0595A2-E075-44C3-A10A-9FA781C45CF5}.Release|Any CPU.Build.0 = Release|Any CPU
	EndGlobalSection
EndGlobal
